github.com/julmot/mark.js v0.0.0-20210820195258-8b57fccf976b h1:f0lM40yr7z2Crk9tCeWqV4gLl/w38uMMcPLmUHUqufI=
github.com/julmot/mark.js v0.0.0-20210820195258-8b57fccf976b/go.mod h1:aAyDyl2EhNPiZbFqqURsAmxYwwTHslrIxZErXMO3pJQ=
github.com/krisk/Fuse v6.5.3+incompatible h1:RuqrhvwpLKvROuUA5EuKaP2HZ1mRmm4mEVDU4UVrzV4=
github.com/krisk/Fuse v6.5.3+incompatible/go.mod h1:3moWv8rDjwoKic9nwiPLgZjldkbdTAbtzJHCu/Vsj4A=
